
Microsoft Visual Studio Solution File, Format Version 12.00
Project("{FAE04EC0-301F-11D3-BF4B-00C04F79EFBC}") = "Hamkare.Common", "Core\Hamkare.Common\Hamkare.Common.csproj", "{C6CE7A1B-1E7A-4CD9-AADD-A6DF6FB75670}"
EndProject
Project("{FAE04EC0-301F-11D3-BF4B-00C04F79EFBC}") = "Hamkare.Service", "Core\Hamkare.Service\Hamkare.Service.csproj", "{23FEB6E2-49C9-4006-8FBE-13DA160BD4EA}"
EndProject
Project("{FAE04EC0-301F-11D3-BF4B-00C04F79EFBC}") = "Hamkare.Utility", "Core\Hamkare.Utility\Hamkare.Utility.csproj", "{251367E1-5CD8-492D-BDE5-9F6E4595AA8C}"
EndProject
Project("{FAE04EC0-301F-11D3-BF4B-00C04F79EFBC}") = "Hamkare.Panel", "Panels\Hamkare.Panel\Hamkare.Panel.csproj", "{19092411-13DF-4EEE-9EFF-E865B7A4BCC4}"
EndProject
Project("{2150E333-8FDC-42A3-9474-1A3956D46DE8}") = "Core", "Core", "{D8CA64D3-D25E-485C-94E0-9FFC42935413}"
EndProject
Project("{FAE04EC0-301F-11D3-BF4B-00C04F79EFBC}") = "Hamkare.Resource", "Core\Hamkare.Resource\Hamkare.Resource.csproj", "{8E0FCB65-34E5-49D1-9922-2969FFEC845E}"
EndProject
Project("{FAE04EC0-301F-11D3-BF4B-00C04F79EFBC}") = "Hamkare.Infrastructure", "Core\Hamkare.Infrastructure\Hamkare.Infrastructure.csproj", "{944EA216-3A9E-4CDF-8353-0BF05AC8A001}"
EndProject
Project("{2150E333-8FDC-42A3-9474-1A3956D46DE8}") = "Panels", "Panels", "{7E7FDDFB-43E9-4295-B5A9-154FDD78CC47}"
EndProject
Project("{FAE04EC0-301F-11D3-BF4B-00C04F79EFBC}") = "Hamkare.Component", "Panels\Hamkare.Component\Hamkare.Component.csproj", "{1C8BC773-CB1C-47B9-8CA9-FBE260BD9C32}"
EndProject
Project("{FAE04EC0-301F-11D3-BF4B-00C04F79EFBC}") = "UserPanel", "Panels\Hamkare.UserPanel\Hamkare.UserPanel.csproj", "{B0513B2E-52E8-4782-A7B7-2FC0A637033C}"
EndProject
Project("{FAE04EC0-301F-11D3-BF4B-00C04F79EFBC}") = "Hamkare.AdminPanel", "Panels\Hamkare.AdminPanel\Hamkare.AdminPanel.csproj", "{38820442-F51D-4BD8-AA8A-283813B48785}"
EndProject
Project("{FAE04EC0-301F-11D3-BF4B-00C04F79EFBC}") = "Hamkare.Demo", "Hamkare.Demo\Hamkare.Demo.csproj", "{BF97B05A-CCCA-4CCB-B90C-0BAC6975BC59}"
EndProject
Global
	GlobalSection(SolutionConfigurationPlatforms) = preSolution
		Debug|Any CPU = Debug|Any CPU
		Release|Any CPU = Release|Any CPU
	EndGlobalSection
	GlobalSection(ProjectConfigurationPlatforms) = postSolution
		{C6CE7A1B-1E7A-4CD9-AADD-A6DF6FB75670}.Debug|Any CPU.ActiveCfg = Debug|Any CPU
		{C6CE7A1B-1E7A-4CD9-AADD-A6DF6FB75670}.Debug|Any CPU.Build.0 = Debug|Any CPU
		{C6CE7A1B-1E7A-4CD9-AADD-A6DF6FB75670}.Release|Any CPU.ActiveCfg = Release|Any CPU
		{C6CE7A1B-1E7A-4CD9-AADD-A6DF6FB75670}.Release|Any CPU.Build.0 = Release|Any CPU
		{23FEB6E2-49C9-4006-8FBE-13DA160BD4EA}.Debug|Any CPU.ActiveCfg = Debug|Any CPU
		{23FEB6E2-49C9-4006-8FBE-13DA160BD4EA}.Debug|Any CPU.Build.0 = Debug|Any CPU
		{23FEB6E2-49C9-4006-8FBE-13DA160BD4EA}.Release|Any CPU.ActiveCfg = Release|Any CPU
		{23FEB6E2-49C9-4006-8FBE-13DA160BD4EA}.Release|Any CPU.Build.0 = Release|Any CPU
		{251367E1-5CD8-492D-BDE5-9F6E4595AA8C}.Debug|Any CPU.ActiveCfg = Debug|Any CPU
		{251367E1-5CD8-492D-BDE5-9F6E4595AA8C}.Debug|Any CPU.Build.0 = Debug|Any CPU
		{251367E1-5CD8-492D-BDE5-9F6E4595AA8C}.Release|Any CPU.ActiveCfg = Release|Any CPU
		{251367E1-5CD8-492D-BDE5-9F6E4595AA8C}.Release|Any CPU.Build.0 = Release|Any CPU
		{19092411-13DF-4EEE-9EFF-E865B7A4BCC4}.Debug|Any CPU.ActiveCfg = Debug|Any CPU
		{19092411-13DF-4EEE-9EFF-E865B7A4BCC4}.Debug|Any CPU.Build.0 = Debug|Any CPU
		{19092411-13DF-4EEE-9EFF-E865B7A4BCC4}.Release|Any CPU.ActiveCfg = Release|Any CPU
		{19092411-13DF-4EEE-9EFF-E865B7A4BCC4}.Release|Any CPU.Build.0 = Release|Any CPU
		{8E0FCB65-34E5-49D1-9922-2969FFEC845E}.Debug|Any CPU.ActiveCfg = Debug|Any CPU
		{8E0FCB65-34E5-49D1-9922-2969FFEC845E}.Debug|Any CPU.Build.0 = Debug|Any CPU
		{8E0FCB65-34E5-49D1-9922-2969FFEC845E}.Release|Any CPU.ActiveCfg = Release|Any CPU
		{8E0FCB65-34E5-49D1-9922-2969FFEC845E}.Release|Any CPU.Build.0 = Release|Any CPU
		{944EA216-3A9E-4CDF-8353-0BF05AC8A001}.Debug|Any CPU.ActiveCfg = Debug|Any CPU
		{944EA216-3A9E-4CDF-8353-0BF05AC8A001}.Debug|Any CPU.Build.0 = Debug|Any CPU
		{944EA216-3A9E-4CDF-8353-0BF05AC8A001}.Release|Any CPU.ActiveCfg = Release|Any CPU
		{944EA216-3A9E-4CDF-8353-0BF05AC8A001}.Release|Any CPU.Build.0 = Release|Any CPU
		{1C8BC773-CB1C-47B9-8CA9-FBE260BD9C32}.Debug|Any CPU.ActiveCfg = Debug|Any CPU
		{1C8BC773-CB1C-47B9-8CA9-FBE260BD9C32}.Debug|Any CPU.Build.0 = Debug|Any CPU
		{1C8BC773-CB1C-47B9-8CA9-FBE260BD9C32}.Release|Any CPU.ActiveCfg = Release|Any CPU
		{1C8BC773-CB1C-47B9-8CA9-FBE260BD9C32}.Release|Any CPU.Build.0 = Release|Any CPU
		{B0513B2E-52E8-4782-A7B7-2FC0A637033C}.Debug|Any CPU.ActiveCfg = Debug|Any CPU
		{B0513B2E-52E8-4782-A7B7-2FC0A637033C}.Debug|Any CPU.Build.0 = Debug|Any CPU
		{B0513B2E-52E8-4782-A7B7-2FC0A637033C}.Release|Any CPU.ActiveCfg = Release|Any CPU
		{B0513B2E-52E8-4782-A7B7-2FC0A637033C}.Release|Any CPU.Build.0 = Release|Any CPU
		{38820442-F51D-4BD8-AA8A-283813B48785}.Debug|Any CPU.ActiveCfg = Debug|Any CPU
		{38820442-F51D-4BD8-AA8A-283813B48785}.Debug|Any CPU.Build.0 = Debug|Any CPU
		{38820442-F51D-4BD8-AA8A-283813B48785}.Release|Any CPU.ActiveCfg = Release|Any CPU
		{38820442-F51D-4BD8-AA8A-283813B48785}.Release|Any CPU.Build.0 = Release|Any CPU
		{BF97B05A-CCCA-4CCB-B90C-0BAC6975BC59}.Debug|Any CPU.ActiveCfg = Debug|Any CPU
		{BF97B05A-CCCA-4CCB-B90C-0BAC6975BC59}.Debug|Any CPU.Build.0 = Debug|Any CPU
		{BF97B05A-CCCA-4CCB-B90C-0BAC6975BC59}.Release|Any CPU.ActiveCfg = Release|Any CPU
		{BF97B05A-CCCA-4CCB-B90C-0BAC6975BC59}.Release|Any CPU.Build.0 = Release|Any CPU
	EndGlobalSection
	GlobalSection(NestedProjects) = preSolution
		{B0513B2E-52E8-4782-A7B7-2FC0A637033C} = {7E7FDDFB-43E9-4295-B5A9-154FDD78CC47}
		{38820442-F51D-4BD8-AA8A-283813B48785} = {7E7FDDFB-43E9-4295-B5A9-154FDD78CC47}
		{1C8BC773-CB1C-47B9-8CA9-FBE260BD9C32} = {7E7FDDFB-43E9-4295-B5A9-154FDD78CC47}
		{19092411-13DF-4EEE-9EFF-E865B7A4BCC4} = {7E7FDDFB-43E9-4295-B5A9-154FDD78CC47}
		{C6CE7A1B-1E7A-4CD9-AADD-A6DF6FB75670} = {D8CA64D3-D25E-485C-94E0-9FFC42935413}
		{944EA216-3A9E-4CDF-8353-0BF05AC8A001} = {D8CA64D3-D25E-485C-94E0-9FFC42935413}
		{8E0FCB65-34E5-49D1-9922-2969FFEC845E} = {D8CA64D3-D25E-485C-94E0-9FFC42935413}
		{23FEB6E2-49C9-4006-8FBE-13DA160BD4EA} = {D8CA64D3-D25E-485C-94E0-9FFC42935413}
		{251367E1-5CD8-492D-BDE5-9F6E4595AA8C} = {D8CA64D3-D25E-485C-94E0-9FFC42935413}
	EndGlobalSection
EndGlobal
